
Microsoft Visual Studio Solution File, Format Version 12.00
# Visual Studio 14
VisualStudioVersion = 14.0.25420.1
MinimumVisualStudioVersion = 10.0.40219.1
Project("{8BC9CEB8-8B4A-11D0-8D11-00A0C91BC942}") = "C++学习", "C++学习\C++学习.vcxproj", "{86ADA4DF-87D6-4BD9-BDA1-9091C71BB487}"
EndProject
Project("{8BC9CEB8-8B4A-11D0-8D11-00A0C91BC942}") = "Lambda学习1", "Lambda学习1\Lambda学习1.vcxproj", "{440F9BBE-5DC7-4CE5-8D8F-3ABC817565CD}"
EndProject
Project("{8BC9CEB8-8B4A-11D0-8D11-00A0C91BC942}") = "Cpp11特性", "Cpp11特性\Cpp11特性.vcxproj", "{EC69507D-F586-4051-BB0B-BDCB4BB5F70F}"
EndProject
Project("{8BC9CEB8-8B4A-11D0-8D11-00A0C91BC942}") = "Function学习", "Function学习\Function学习.vcxproj", "{BED8C51F-04B5-4D97-9896-658422B75602}"
EndProject
Project("{8BC9CEB8-8B4A-11D0-8D11-00A0C91BC942}") = "Function学习1", "Function学习1\Function学习1.vcxproj", "{BF2FFFE2-7999-4EEC-8FB0-BCC049BA630B}"
EndProject
Project("{8BC9CEB8-8B4A-11D0-8D11-00A0C91BC942}") = "Bind学习1", "Bind学习1\Bind学习1.vcxproj", "{FFE78CF2-9585-4EA4-B0E2-8B5128B0D8D7}"
EndProject
Project("{8BC9CEB8-8B4A-11D0-8D11-00A0C91BC942}") = "多线程1", "多线程1\多线程1.vcxproj", "{9ED27131-711A-4CE3-9D9E-483495BCF742}"
EndProject
Project("{8BC9CEB8-8B4A-11D0-8D11-00A0C91BC942}") = "extern C 测试", "extern C 测试\extern C 测试.vcxproj", "{F03A65E8-FA95-4B5B-800F-5CA1A8BF12E5}"
EndProject
Project("{8BC9CEB8-8B4A-11D0-8D11-00A0C91BC942}") = "模板学习", "模板学习\模板学习.vcxproj", "{4906E21D-7966-4FD8-A715-8E54A594E8FE}"
EndProject
Project("{8BC9CEB8-8B4A-11D0-8D11-00A0C91BC942}") = "bind学习2", "bind学习2\bind学习2.vcxproj", "{96CEE227-0F22-49E6-ABCD-E9CEB921201A}"
EndProject
Project("{8BC9CEB8-8B4A-11D0-8D11-00A0C91BC942}") = "FunctionTest", "FunctionTest\FunctionTest.vcxproj", "{D691E387-2BFA-41E3-90E1-889BE44B8D17}"
EndProject
Project("{8BC9CEB8-8B4A-11D0-8D11-00A0C91BC942}") = "多线程2", "多线程2\多线程2.vcxproj", "{316E6AB0-3D38-4213-8C25-F1CB3B8093C4}"
EndProject
Global
	GlobalSection(SolutionConfigurationPlatforms) = preSolution
		Debug|x64 = Debug|x64
		Debug|x86 = Debug|x86
		Release|x64 = Release|x64
		Release|x86 = Release|x86
	EndGlobalSection
	GlobalSection(ProjectConfigurationPlatforms) = postSolution
		{86ADA4DF-87D6-4BD9-BDA1-9091C71BB487}.Debug|x64.ActiveCfg = Debug|x64
		{86ADA4DF-87D6-4BD9-BDA1-9091C71BB487}.Debug|x64.Build.0 = Debug|x64
		{86ADA4DF-87D6-4BD9-BDA1-9091C71BB487}.Debug|x86.ActiveCfg = Debug|Win32
		{86ADA4DF-87D6-4BD9-BDA1-9091C71BB487}.Debug|x86.Build.0 = Debug|Win32
		{86ADA4DF-87D6-4BD9-BDA1-9091C71BB487}.Release|x64.ActiveCfg = Release|x64
		{86ADA4DF-87D6-4BD9-BDA1-9091C71BB487}.Release|x64.Build.0 = Release|x64
		{86ADA4DF-87D6-4BD9-BDA1-9091C71BB487}.Release|x86.ActiveCfg = Release|Win32
		{86ADA4DF-87D6-4BD9-BDA1-9091C71BB487}.Release|x86.Build.0 = Release|Win32
		{440F9BBE-5DC7-4CE5-8D8F-3ABC817565CD}.Debug|x64.ActiveCfg = Debug|x64
		{440F9BBE-5DC7-4CE5-8D8F-3ABC817565CD}.Debug|x64.Build.0 = Debug|x64
		{440F9BBE-5DC7-4CE5-8D8F-3ABC817565CD}.Debug|x86.ActiveCfg = Debug|Win32
		{440F9BBE-5DC7-4CE5-8D8F-3ABC817565CD}.Debug|x86.Build.0 = Debug|Win32
		{440F9BBE-5DC7-4CE5-8D8F-3ABC817565CD}.Release|x64.ActiveCfg = Release|x64
		{440F9BBE-5DC7-4CE5-8D8F-3ABC817565CD}.Release|x64.Build.0 = Release|x64
		{440F9BBE-5DC7-4CE5-8D8F-3ABC817565CD}.Release|x86.ActiveCfg = Release|Win32
		{440F9BBE-5DC7-4CE5-8D8F-3ABC817565CD}.Release|x86.Build.0 = Release|Win32
		{EC69507D-F586-4051-BB0B-BDCB4BB5F70F}.Debug|x64.ActiveCfg = Debug|x64
		{EC69507D-F586-4051-BB0B-BDCB4BB5F70F}.Debug|x64.Build.0 = Debug|x64
		{EC69507D-F586-4051-BB0B-BDCB4BB5F70F}.Debug|x86.ActiveCfg = Debug|Win32
		{EC69507D-F586-4051-BB0B-BDCB4BB5F70F}.Debug|x86.Build.0 = Debug|Win32
		{EC69507D-F586-4051-BB0B-BDCB4BB5F70F}.Release|x64.ActiveCfg = Release|x64
		{EC69507D-F586-4051-BB0B-BDCB4BB5F70F}.Release|x64.Build.0 = Release|x64
		{EC69507D-F586-4051-BB0B-BDCB4BB5F70F}.Release|x86.ActiveCfg = Release|Win32
		{EC69507D-F586-4051-BB0B-BDCB4BB5F70F}.Release|x86.Build.0 = Release|Win32
		{BED8C51F-04B5-4D97-9896-658422B75602}.Debug|x64.ActiveCfg = Debug|x64
		{BED8C51F-04B5-4D97-9896-658422B75602}.Debug|x64.Build.0 = Debug|x64
		{BED8C51F-04B5-4D97-9896-658422B75602}.Debug|x86.ActiveCfg = Debug|Win32
		{BED8C51F-04B5-4D97-9896-658422B75602}.Debug|x86.Build.0 = Debug|Win32
		{BED8C51F-04B5-4D97-9896-658422B75602}.Release|x64.ActiveCfg = Release|x64
		{BED8C51F-04B5-4D97-9896-658422B75602}.Release|x64.Build.0 = Release|x64
		{BED8C51F-04B5-4D97-9896-658422B75602}.Release|x86.ActiveCfg = Release|Win32
		{BED8C51F-04B5-4D97-9896-658422B75602}.Release|x86.Build.0 = Release|Win32
		{BF2FFFE2-7999-4EEC-8FB0-BCC049BA630B}.Debug|x64.ActiveCfg = Debug|x64
		{BF2FFFE2-7999-4EEC-8FB0-BCC049BA630B}.Debug|x64.Build.0 = Debug|x64
		{BF2FFFE2-7999-4EEC-8FB0-BCC049BA630B}.Debug|x86.ActiveCfg = Debug|Win32
		{BF2FFFE2-7999-4EEC-8FB0-BCC049BA630B}.Debug|x86.Build.0 = Debug|Win32
		{BF2FFFE2-7999-4EEC-8FB0-BCC049BA630B}.Release|x64.ActiveCfg = Release|x64
		{BF2FFFE2-7999-4EEC-8FB0-BCC049BA630B}.Release|x64.Build.0 = Release|x64
		{BF2FFFE2-7999-4EEC-8FB0-BCC049BA630B}.Release|x86.ActiveCfg = Release|Win32
		{BF2FFFE2-7999-4EEC-8FB0-BCC049BA630B}.Release|x86.Build.0 = Release|Win32
		{FFE78CF2-9585-4EA4-B0E2-8B5128B0D8D7}.Debug|x64.ActiveCfg = Debug|x64
		{FFE78CF2-9585-4EA4-B0E2-8B5128B0D8D7}.Debug|x64.Build.0 = Debug|x64
		{FFE78CF2-9585-4EA4-B0E2-8B5128B0D8D7}.Debug|x86.ActiveCfg = Debug|Win32
		{FFE78CF2-9585-4EA4-B0E2-8B5128B0D8D7}.Debug|x86.Build.0 = Debug|Win32
		{FFE78CF2-9585-4EA4-B0E2-8B5128B0D8D7}.Release|x64.ActiveCfg = Release|x64
		{FFE78CF2-9585-4EA4-B0E2-8B5128B0D8D7}.Release|x64.Build.0 = Release|x64
		{FFE78CF2-9585-4EA4-B0E2-8B5128B0D8D7}.Release|x86.ActiveCfg = Release|Win32
		{FFE78CF2-9585-4EA4-B0E2-8B5128B0D8D7}.Release|x86.Build.0 = Release|Win32
		{9ED27131-711A-4CE3-9D9E-483495BCF742}.Debug|x64.ActiveCfg = Debug|x64
		{9ED27131-711A-4CE3-9D9E-483495BCF742}.Debug|x64.Build.0 = Debug|x64
		{9ED27131-711A-4CE3-9D9E-483495BCF742}.Debug|x86.ActiveCfg = Debug|Win32
		{9ED27131-711A-4CE3-9D9E-483495BCF742}.Debug|x86.Build.0 = Debug|Win32
		{9ED27131-711A-4CE3-9D9E-483495BCF742}.Release|x64.ActiveCfg = Release|x64
		{9ED27131-711A-4CE3-9D9E-483495BCF742}.Release|x64.Build.0 = Release|x64
		{9ED27131-711A-4CE3-9D9E-483495BCF742}.Release|x86.ActiveCfg = Release|Win32
		{9ED27131-711A-4CE3-9D9E-483495BCF742}.Release|x86.Build.0 = Release|Win32
		{F03A65E8-FA95-4B5B-800F-5CA1A8BF12E5}.Debug|x64.ActiveCfg = Debug|x64
		{F03A65E8-FA95-4B5B-800F-5CA1A8BF12E5}.Debug|x64.Build.0 = Debug|x64
		{F03A65E8-FA95-4B5B-800F-5CA1A8BF12E5}.Debug|x86.ActiveCfg = Debug|Win32
		{F03A65E8-FA95-4B5B-800F-5CA1A8BF12E5}.Debug|x86.Build.0 = Debug|Win32
		{F03A65E8-FA95-4B5B-800F-5CA1A8BF12E5}.Release|x64.ActiveCfg = Release|x64
		{F03A65E8-FA95-4B5B-800F-5CA1A8BF12E5}.Release|x64.Build.0 = Release|x64
		{F03A65E8-FA95-4B5B-800F-5CA1A8BF12E5}.Release|x86.ActiveCfg = Release|Win32
		{F03A65E8-FA95-4B5B-800F-5CA1A8BF12E5}.Release|x86.Build.0 = Release|Win32
		{4906E21D-7966-4FD8-A715-8E54A594E8FE}.Debug|x64.ActiveCfg = Debug|x64
		{4906E21D-7966-4FD8-A715-8E54A594E8FE}.Debug|x64.Build.0 = Debug|x64
		{4906E21D-7966-4FD8-A715-8E54A594E8FE}.Debug|x86.ActiveCfg = Debug|Win32
		{4906E21D-7966-4FD8-A715-8E54A594E8FE}.Debug|x86.Build.0 = Debug|Win32
		{4906E21D-7966-4FD8-A715-8E54A594E8FE}.Release|x64.ActiveCfg = Release|x64
		{4906E21D-7966-4FD8-A715-8E54A594E8FE}.Release|x64.Build.0 = Release|x64
		{4906E21D-7966-4FD8-A715-8E54A594E8FE}.Release|x86.ActiveCfg = Release|Win32
		{4906E21D-7966-4FD8-A715-8E54A594E8FE}.Release|x86.Build.0 = Release|Win32
		{96CEE227-0F22-49E6-ABCD-E9CEB921201A}.Debug|x64.ActiveCfg = Debug|x64
		{96CEE227-0F22-49E6-ABCD-E9CEB921201A}.Debug|x64.Build.0 = Debug|x64
		{96CEE227-0F22-49E6-ABCD-E9CEB921201A}.Debug|x86.ActiveCfg = Debug|Win32
		{96CEE227-0F22-49E6-ABCD-E9CEB921201A}.Debug|x86.Build.0 = Debug|Win32
		{96CEE227-0F22-49E6-ABCD-E9CEB921201A}.Release|x64.ActiveCfg = Release|x64
		{96CEE227-0F22-49E6-ABCD-E9CEB921201A}.Release|x64.Build.0 = Release|x64
		{96CEE227-0F22-49E6-ABCD-E9CEB921201A}.Release|x86.ActiveCfg = Release|Win32
		{96CEE227-0F22-49E6-ABCD-E9CEB921201A}.Release|x86.Build.0 = Release|Win32
		{D691E387-2BFA-41E3-90E1-889BE44B8D17}.Debug|x64.ActiveCfg = Debug|x64
		{D691E387-2BFA-41E3-90E1-889BE44B8D17}.Debug|x64.Build.0 = Debug|x64
		{D691E387-2BFA-41E3-90E1-889BE44B8D17}.Debug|x86.ActiveCfg = Debug|Win32
		{D691E387-2BFA-41E3-90E1-889BE44B8D17}.Debug|x86.Build.0 = Debug|Win32
		{D691E387-2BFA-41E3-90E1-889BE44B8D17}.Release|x64.ActiveCfg = Release|x64
		{D691E387-2BFA-41E3-90E1-889BE44B8D17}.Release|x64.Build.0 = Release|x64
		{D691E387-2BFA-41E3-90E1-889BE44B8D17}.Release|x86.ActiveCfg = Release|Win32
		{D691E387-2BFA-41E3-90E1-889BE44B8D17}.Release|x86.Build.0 = Release|Win32
		{316E6AB0-3D38-4213-8C25-F1CB3B8093C4}.Debug|x64.ActiveCfg = Debug|x64
		{316E6AB0-3D38-4213-8C25-F1CB3B8093C4}.Debug|x64.Build.0 = Debug|x64
		{316E6AB0-3D38-4213-8C25-F1CB3B8093C4}.Debug|x86.ActiveCfg = Debug|Win32
		{316E6AB0-3D38-4213-8C25-F1CB3B8093C4}.Debug|x86.Build.0 = Debug|Win32
		{316E6AB0-3D38-4213-8C25-F1CB3B8093C4}.Release|x64.ActiveCfg = Release|x64
		{316E6AB0-3D38-4213-8C25-F1CB3B8093C4}.Release|x64.Build.0 = Release|x64
		{316E6AB0-3D38-4213-8C25-F1CB3B8093C4}.Release|x86.ActiveCfg = Release|Win32
		{316E6AB0-3D38-4213-8C25-F1CB3B8093C4}.Release|x86.Build.0 = Release|Win32
	EndGlobalSection
	GlobalSection(SolutionProperties) = preSolution
		HideSolutionNode = FALSE
	EndGlobalSection
EndGlobal
