<?xml version="1.0" encoding="utf-8"?>
<Project ToolsVersion="4.0" xmlns="http://schemas.microsoft.com/developer/msbuild/2003">
  <ItemGroup>
    <Filter Include="源文件">
      <UniqueIdentifier>{4FC737F1-C7A5-4376-A066-2A32D752A2FF}</UniqueIdentifier>
      <Extensions>cpp;c;cc;cxx;def;odl;idl;hpj;bat;asm;asmx</Extensions>
    </Filter>
    <Filter Include="头文件">
      <UniqueIdentifier>{93995380-89BD-4b04-88EB-625FBE52EBFB}</UniqueIdentifier>
      <Extensions>h;hpp;hxx;hm;inl;inc;xsd</Extensions>
    </Filter>
    <Filter Include="资源文件">
      <UniqueIdentifier>{67DA6AB6-F800-4c08-8B7A-83BB121AAD01}</UniqueIdentifier>
      <Extensions>rc;ico;cur;bmp;dlg;rc2;rct;bin;rgs;gif;jpg;jpeg;jpe;resx;tiff;tif;png;wav</Extensions>
    </Filter>
    <Filter Include="library">
      <UniqueIdentifier>{fa8a779f-0f60-4c83-b1cb-2a2b579d554b}</UniqueIdentifier>
    </Filter>
    <Filter Include="SM2">
      <UniqueIdentifier>{56c8fb12-69f9-452b-b0a2-48b4844f52b0}</UniqueIdentifier>
    </Filter>
    <Filter Include="SM3">
      <UniqueIdentifier>{5efd78ca-a8dc-4a77-b2e6-a4bb13b10c2b}</UniqueIdentifier>
    </Filter>
    <Filter Include="SM4">
      <UniqueIdentifier>{ade983c8-06e1-4756-b05a-acc0211c8010}</UniqueIdentifier>
    </Filter>
  </ItemGroup>
  <ItemGroup>
    <ClCompile Include="SoftAlg.cpp">
      <Filter>源文件</Filter>
    </ClCompile>
    <ClCompile Include="stdafx.cpp">
      <Filter>源文件</Filter>
    </ClCompile>
    <ClCompile Include="library\bignum.c">
      <Filter>library</Filter>
    </ClCompile>
    <ClCompile Include="library\ecp.c">
      <Filter>library</Filter>
    </ClCompile>
    <ClCompile Include="library\ecp_curves.c">
      <Filter>library</Filter>
    </ClCompile>
    <ClCompile Include="library\hmac_drbg.c">
      <Filter>library</Filter>
    </ClCompile>
    <ClCompile Include="library\md.c">
      <Filter>library</Filter>
    </ClCompile>
    <ClCompile Include="library\md5.c">
      <Filter>library</Filter>
    </ClCompile>
    <ClCompile Include="library\md_wrap.c">
      <Filter>library</Filter>
    </ClCompile>
    <ClCompile Include="library\ripemd160.c">
      <Filter>library</Filter>
    </ClCompile>
    <ClCompile Include="library\sha1.c">
      <Filter>library</Filter>
    </ClCompile>
    <ClCompile Include="library\sha256.c">
      <Filter>library</Filter>
    </ClCompile>
    <ClCompile Include="library\sha512.c">
      <Filter>library</Filter>
    </ClCompile>
    <ClCompile Include="sm2\sm2_derive.c">
      <Filter>SM2</Filter>
    </ClCompile>
    <ClCompile Include="sm2\sm2_enc.c">
      <Filter>SM2</Filter>
    </ClCompile>
    <ClCompile Include="sm2\sm2_sign.c">
      <Filter>SM2</Filter>
    </ClCompile>
    <ClCompile Include="sm2\sm2_util.c">
      <Filter>SM2</Filter>
    </ClCompile>
    <ClCompile Include="sm3\sm3.c">
      <Filter>SM3</Filter>
    </ClCompile>
    <ClCompile Include="sm4\sm4.c">
      <Filter>SM4</Filter>
    </ClCompile>
  </ItemGroup>
  <ItemGroup>
    <ClInclude Include="com_cist_SoftAlgNative.h">
      <Filter>头文件</Filter>
    </ClInclude>
    <ClInclude Include="jni.h">
      <Filter>头文件</Filter>
    </ClInclude>
    <ClInclude Include="jni_md.h">
      <Filter>头文件</Filter>
    </ClInclude>
    <ClInclude Include="stdafx.h">
      <Filter>头文件</Filter>
    </ClInclude>
    <ClInclude Include="targetver.h">
      <Filter>头文件</Filter>
    </ClInclude>
    <ClInclude Include="sm2\sm2.h">
      <Filter>SM2</Filter>
    </ClInclude>
    <ClInclude Include="sm2\sm2_util.h">
      <Filter>SM2</Filter>
    </ClInclude>
    <ClInclude Include="sm3\sm3.h">
      <Filter>SM3</Filter>
    </ClInclude>
    <ClInclude Include="sm4\sm4.h">
      <Filter>SM4</Filter>
    </ClInclude>
  </ItemGroup>
  <ItemGroup>
    <Text Include="ReadMe.txt" />
  </ItemGroup>
</Project>