<?xml version="1.0" encoding="utf-8"?>
<Project ToolsVersion="4.0" xmlns="http://schemas.microsoft.com/developer/msbuild/2003">
  <ItemGroup>
    <Filter Include="源文件">
      <UniqueIdentifier>{4FC737F1-C7A5-4376-A066-2A32D752A2FF}</UniqueIdentifier>
      <Extensions>cpp;c;cc;cxx;def;odl;idl;hpj;bat;asm;asmx</Extensions>
    </Filter>
    <Filter Include="头文件">
      <UniqueIdentifier>{93995380-89BD-4b04-88EB-625FBE52EBFB}</UniqueIdentifier>
      <Extensions>h;hh;hpp;hxx;hm;inl;inc;xsd</Extensions>
    </Filter>
    <Filter Include="资源文件">
      <UniqueIdentifier>{67DA6AB6-F800-4c08-8B7A-83BB121AAD01}</UniqueIdentifier>
      <Extensions>rc;ico;cur;bmp;dlg;rc2;rct;bin;rgs;gif;jpg;jpeg;jpe;resx;tiff;tif;png;wav;mfcribbon-ms</Extensions>
    </Filter>
  </ItemGroup>
  <ItemGroup>
    <ClCompile Include="..\src\args_test.cpp">
      <Filter>源文件</Filter>
    </ClCompile>
    <ClCompile Include="..\src\async_test.cpp">
      <Filter>源文件</Filter>
    </ClCompile>
    <ClCompile Include="..\src\asynctest.cpp">
      <Filter>源文件</Filter>
    </ClCompile>
    <ClCompile Include="..\src\atomic_test.cpp">
      <Filter>源文件</Filter>
    </ClCompile>
    <ClCompile Include="..\src\atomictest.cpp">
      <Filter>源文件</Filter>
    </ClCompile>
    <ClCompile Include="..\src\auto_test.cpp">
      <Filter>源文件</Filter>
    </ClCompile>
    <ClCompile Include="..\src\bind_test.cpp">
      <Filter>源文件</Filter>
    </ClCompile>
    <ClCompile Include="..\src\class_test.cpp">
      <Filter>源文件</Filter>
    </ClCompile>
    <ClCompile Include="..\src\count_test.cpp">
      <Filter>源文件</Filter>
    </ClCompile>
    <ClCompile Include="..\src\deadlock_test.cpp">
      <Filter>源文件</Filter>
    </ClCompile>
    <ClCompile Include="..\src\explicit_test.cpp">
      <Filter>源文件</Filter>
    </ClCompile>
    <ClCompile Include="..\src\file_test.cpp">
      <Filter>源文件</Filter>
    </ClCompile>
    <ClCompile Include="..\src\fururetest.cpp">
      <Filter>源文件</Filter>
    </ClCompile>
    <ClCompile Include="..\src\future_test.cpp">
      <Filter>源文件</Filter>
    </ClCompile>
    <ClCompile Include="..\src\isstringstream_test.cpp">
      <Filter>源文件</Filter>
    </ClCompile>
    <ClCompile Include="..\src\iterator_test.cpp">
      <Filter>源文件</Filter>
    </ClCompile>
    <ClCompile Include="..\src\lambda_test.cpp">
      <Filter>源文件</Filter>
    </ClCompile>
    <ClCompile Include="..\src\leeCode_array.cpp">
      <Filter>源文件</Filter>
    </ClCompile>
    <ClCompile Include="..\src\LinkList.cpp">
      <Filter>源文件</Filter>
    </ClCompile>
    <ClCompile Include="..\src\linklist_test.cpp">
      <Filter>源文件</Filter>
    </ClCompile>
    <ClCompile Include="..\src\lvalue_test.cpp">
      <Filter>源文件</Filter>
    </ClCompile>
    <ClCompile Include="..\src\main.cpp">
      <Filter>源文件</Filter>
    </ClCompile>
    <ClCompile Include="..\src\maptest.cpp">
      <Filter>源文件</Filter>
    </ClCompile>
    <ClCompile Include="..\src\move_test.cpp">
      <Filter>源文件</Filter>
    </ClCompile>
    <ClCompile Include="..\src\multhread_test.cpp">
      <Filter>源文件</Filter>
    </ClCompile>
    <ClCompile Include="..\src\offset_test.cpp">
      <Filter>源文件</Filter>
    </ClCompile>
    <ClCompile Include="..\src\operator_test.cpp">
      <Filter>源文件</Filter>
    </ClCompile>
    <ClCompile Include="..\src\packaged_task_test.cpp">
      <Filter>源文件</Filter>
    </ClCompile>
    <ClCompile Include="..\src\point_test.cpp">
      <Filter>源文件</Filter>
    </ClCompile>
    <ClCompile Include="..\src\promise_test.cpp">
      <Filter>源文件</Filter>
    </ClCompile>
    <ClCompile Include="..\src\promisetest.cpp">
      <Filter>源文件</Filter>
    </ClCompile>
    <ClCompile Include="..\src\resultof_test.cpp">
      <Filter>源文件</Filter>
    </ClCompile>
    <ClCompile Include="..\src\shard_ptr_test.cpp">
      <Filter>源文件</Filter>
    </ClCompile>
    <ClCompile Include="..\src\shareptr_test.cpp">
      <Filter>源文件</Filter>
    </ClCompile>
    <ClCompile Include="..\src\static_cast_test.cpp">
      <Filter>源文件</Filter>
    </ClCompile>
    <ClCompile Include="..\src\string_test.cpp">
      <Filter>源文件</Filter>
    </ClCompile>
    <ClCompile Include="..\src\tailq_test1.cpp">
      <Filter>源文件</Filter>
    </ClCompile>
    <ClCompile Include="..\src\template_test.cpp">
      <Filter>源文件</Filter>
    </ClCompile>
    <ClCompile Include="..\src\test5.cpp">
      <Filter>源文件</Filter>
    </ClCompile>
    <ClCompile Include="..\src\thread_data_race.cc">
      <Filter>源文件</Filter>
    </ClCompile>
    <ClCompile Include="..\src\thread_deadlock.cc">
      <Filter>源文件</Filter>
    </ClCompile>
    <ClCompile Include="..\src\thread_inherit.cc">
      <Filter>源文件</Filter>
    </ClCompile>
    <ClCompile Include="..\src\thread_learn1.cpp">
      <Filter>源文件</Filter>
    </ClCompile>
    <ClCompile Include="..\src\thread_lock_guard.cc">
      <Filter>源文件</Filter>
    </ClCompile>
    <ClCompile Include="..\src\thread_move.cc">
      <Filter>源文件</Filter>
    </ClCompile>
    <ClCompile Include="..\src\thread_move_term.cc">
      <Filter>源文件</Filter>
    </ClCompile>
    <ClCompile Include="..\src\thread_mutex.cc">
      <Filter>源文件</Filter>
    </ClCompile>
    <ClCompile Include="..\src\thread_packaged_task.cc">
      <Filter>源文件</Filter>
    </ClCompile>
    <ClCompile Include="..\src\thread_promise_future.cc">
      <Filter>源文件</Filter>
    </ClCompile>
    <ClCompile Include="..\src\thread_run_func_var_args.cc">
      <Filter>源文件</Filter>
    </ClCompile>
    <ClCompile Include="..\src\thread_run_lambda.cc">
      <Filter>源文件</Filter>
    </ClCompile>
    <ClCompile Include="..\src\thread_run_member_func.cc">
      <Filter>源文件</Filter>
    </ClCompile>
    <ClCompile Include="..\src\thread_swap.cc">
      <Filter>源文件</Filter>
    </ClCompile>
    <ClCompile Include="..\src\thread_test.cpp">
      <Filter>源文件</Filter>
    </ClCompile>
    <ClCompile Include="..\src\thread_yield.cc">
      <Filter>源文件</Filter>
    </ClCompile>
    <ClCompile Include="..\src\threadpool_test.cpp">
      <Filter>源文件</Filter>
    </ClCompile>
    <ClCompile Include="..\src\time_test.cpp">
      <Filter>源文件</Filter>
    </ClCompile>
    <ClCompile Include="..\src\transform_test.cpp">
      <Filter>源文件</Filter>
    </ClCompile>
  </ItemGroup>
  <ItemGroup>
    <ClInclude Include="..\src\min_heap.h">
      <Filter>源文件</Filter>
    </ClInclude>
    <ClInclude Include="..\src\ThreadPool.h">
      <Filter>源文件</Filter>
    </ClInclude>
    <ClInclude Include="..\src\LinkList.h">
      <Filter>头文件</Filter>
    </ClInclude>
    <ClInclude Include="..\src\debug.h">
      <Filter>头文件</Filter>
    </ClInclude>
    <ClInclude Include="..\src\common.h">
      <Filter>头文件</Filter>
    </ClInclude>
    <ClInclude Include="..\src\queue.h">
      <Filter>头文件</Filter>
    </ClInclude>
  </ItemGroup>
</Project>